{
    "version": 3,
    "terraform_version": "0.11.13",
    "serial": 21,
    "lineage": "88a6a5a3-6dfd-44b5-d9f9-4da4cea673e1",
    "modules": [
        {
            "path": [
                "root"
            ],
            "outputs": {},
            "resources": {
                "aws_default_network_acl.dev_default": {
                    "type": "aws_default_network_acl",
                    "depends_on": [],
                    "primary": {
                        "id": "acl-0f5abf6f4bc1a0faa",
                        "attributes": {
                            "default_network_acl_id": "acl-0f5abf6f4bc1a0faa",
                            "egress.#": "1",
                            "egress.1401401844.action": "allow",
                            "egress.1401401844.cidr_block": "0.0.0.0/0",
                            "egress.1401401844.from_port": "0",
                            "egress.1401401844.icmp_code": "0",
                            "egress.1401401844.icmp_type": "0",
                            "egress.1401401844.ipv6_cidr_block": "",
                            "egress.1401401844.protocol": "-1",
                            "egress.1401401844.rule_no": "100",
                            "egress.1401401844.to_port": "0",
                            "id": "acl-0f5abf6f4bc1a0faa",
                            "ingress.#": "1",
                            "ingress.1401401844.action": "allow",
                            "ingress.1401401844.cidr_block": "0.0.0.0/0",
                            "ingress.1401401844.from_port": "0",
                            "ingress.1401401844.icmp_code": "0",
                            "ingress.1401401844.icmp_type": "0",
                            "ingress.1401401844.ipv6_cidr_block": "",
                            "ingress.1401401844.protocol": "-1",
                            "ingress.1401401844.rule_no": "100",
                            "ingress.1401401844.to_port": "0",
                            "owner_id": "271153858532",
                            "subnet_ids.#": "2",
                            "subnet_ids.2884691485": "subnet-0b371aea723b5f4be",
                            "subnet_ids.78518509": "subnet-04bcd812351a4ee0b",
                            "tags.%": "1",
                            "tags.Name": "user10_dev-default",
                            "vpc_id": "vpc-06b39d33f177a947f"
                        },
                        "meta": {},
                        "tainted": false
                    },
                    "deposed": [],
                    "provider": "provider.aws"
                },
                "aws_default_security_group.dev_default": {
                    "type": "aws_default_security_group",
                    "depends_on": [],
                    "primary": {
                        "id": "sg-065ce772da35bb720",
                        "attributes": {
                            "arn": "arn:aws:ec2:ap-northeast-1:271153858532:security-group/sg-065ce772da35bb720",
                            "egress.#": "1",
                            "egress.482069346.cidr_blocks.#": "1",
                            "egress.482069346.cidr_blocks.0": "0.0.0.0/0",
                            "egress.482069346.description": "",
                            "egress.482069346.from_port": "0",
                            "egress.482069346.ipv6_cidr_blocks.#": "0",
                            "egress.482069346.prefix_list_ids.#": "0",
                            "egress.482069346.protocol": "-1",
                            "egress.482069346.security_groups.#": "0",
                            "egress.482069346.self": "false",
                            "egress.482069346.to_port": "0",
                            "id": "sg-065ce772da35bb720",
                            "ingress.#": "1",
                            "ingress.753360330.cidr_blocks.#": "0",
                            "ingress.753360330.description": "",
                            "ingress.753360330.from_port": "0",
                            "ingress.753360330.ipv6_cidr_blocks.#": "0",
                            "ingress.753360330.prefix_list_ids.#": "0",
                            "ingress.753360330.protocol": "-1",
                            "ingress.753360330.security_groups.#": "0",
                            "ingress.753360330.self": "true",
                            "ingress.753360330.to_port": "0",
                            "name": "default",
                            "owner_id": "271153858532",
                            "revoke_rules_on_delete": "false",
                            "tags.%": "1",
                            "tags.Name": "user10_dev-default",
                            "vpc_id": "vpc-06b39d33f177a947f"
                        },
                        "meta": {
                            "e2bfb730-ecaa-11e6-8f88-34363bc7c4c0": {
                                "create": 600000000000,
                                "delete": 600000000000
                            },
                            "schema_version": "1"
                        },
                        "tainted": false
                    },
                    "deposed": [],
                    "provider": "provider.aws"
                },
                "aws_eip.bastion_1a": {
                    "type": "aws_eip",
                    "depends_on": [
                        "aws_instance.bastion_1a"
                    ],
                    "primary": {
                        "id": "eipalloc-02ea84d0194464801",
                        "attributes": {
                            "association_id": "eipassoc-004ed774f3e9be5c1",
                            "domain": "vpc",
                            "id": "eipalloc-02ea84d0194464801",
                            "instance": "i-01390ed4c250f2541",
                            "network_interface": "eni-0a1c6a4cef61467c6",
                            "private_dns": "ip-104-0-1-132.ap-northeast-1.compute.internal",
                            "private_ip": "104.0.1.132",
                            "public_dns": "ec2-3-115-119-118.ap-northeast-1.compute.amazonaws.com",
                            "public_ip": "3.115.119.118",
                            "public_ipv4_pool": "amazon",
                            "tags.%": "0",
                            "vpc": "true"
                        },
                        "meta": {
                            "e2bfb730-ecaa-11e6-8f88-34363bc7c4c0": {
                                "delete": 180000000000,
                                "read": 900000000000,
                                "update": 300000000000
                            }
                        },
                        "tainted": false
                    },
                    "deposed": [],
                    "provider": "provider.aws"
                },
                "aws_eip.nat_dev_1a": {
                    "type": "aws_eip",
                    "depends_on": [],
                    "primary": {
                        "id": "eipalloc-0defc495e2ab61b22",
                        "attributes": {
                            "association_id": "eipassoc-00528ab76dce550f5",
                            "domain": "vpc",
                            "id": "eipalloc-0defc495e2ab61b22",
                            "instance": "",
                            "network_interface": "eni-058ae0b2cdd70d60b",
                            "private_dns": "ip-104-0-1-73.ap-northeast-1.compute.internal",
                            "private_ip": "104.0.1.73",
                            "public_dns": "ec2-13-112-224-208.ap-northeast-1.compute.amazonaws.com",
                            "public_ip": "13.112.224.208",
                            "public_ipv4_pool": "amazon",
                            "tags.%": "0",
                            "vpc": "true"
                        },
                        "meta": {
                            "e2bfb730-ecaa-11e6-8f88-34363bc7c4c0": {
                                "delete": 180000000000,
                                "read": 900000000000,
                                "update": 300000000000
                            }
                        },
                        "tainted": false
                    },
                    "deposed": [],
                    "provider": "provider.aws"
                },
                "aws_eip.nat_dev_1c": {
                    "type": "aws_eip",
                    "depends_on": [],
                    "primary": {
                        "id": "eipalloc-031a81390e41c691e",
                        "attributes": {
                            "association_id": "eipassoc-0c89583862edafae1",
                            "domain": "vpc",
                            "id": "eipalloc-031a81390e41c691e",
                            "instance": "",
                            "network_interface": "eni-0fac7c5787601c923",
                            "private_dns": "ip-104-0-2-197.ap-northeast-1.compute.internal",
                            "private_ip": "104.0.2.197",
                            "public_dns": "ec2-3-113-165-113.ap-northeast-1.compute.amazonaws.com",
                            "public_ip": "3.113.165.113",
                            "public_ipv4_pool": "amazon",
                            "tags.%": "0",
                            "vpc": "true"
                        },
                        "meta": {
                            "e2bfb730-ecaa-11e6-8f88-34363bc7c4c0": {
                                "delete": 180000000000,
                                "read": 900000000000,
                                "update": 300000000000
                            }
                        },
                        "tainted": false
                    },
                    "deposed": [],
                    "provider": "provider.aws"
                },
                "aws_instance.bastion_1a": {
                    "type": "aws_instance",
                    "depends_on": [
                        "aws_default_security_group.dev_default",
                        "aws_security_group.bastion",
                        "aws_subnet.public_1a"
                    ],
                    "primary": {
                        "id": "i-01390ed4c250f2541",
                        "attributes": {
                            "ami": "ami-00a5245b4816c38e6",
                            "arn": "arn:aws:ec2:ap-northeast-1:271153858532:instance/i-01390ed4c250f2541",
                            "associate_public_ip_address": "true",
                            "availability_zone": "ap-northeast-1a",
                            "cpu_core_count": "1",
                            "cpu_threads_per_core": "1",
                            "credit_specification.#": "1",
                            "credit_specification.0.cpu_credits": "standard",
                            "disable_api_termination": "false",
                            "ebs_block_device.#": "0",
                            "ebs_optimized": "false",
                            "ephemeral_block_device.#": "0",
                            "get_password_data": "false",
                            "iam_instance_profile": "",
                            "id": "i-01390ed4c250f2541",
                            "instance_state": "running",
                            "instance_type": "t2.micro",
                            "ipv6_address_count": "0",
                            "ipv6_addresses.#": "0",
                            "key_name": "user10",
                            "monitoring": "false",
                            "network_interface.#": "0",
                            "password_data": "",
                            "placement_group": "",
                            "primary_network_interface_id": "eni-0a1c6a4cef61467c6",
                            "private_dns": "ip-104-0-1-132.ap-northeast-1.compute.internal",
                            "private_ip": "104.0.1.132",
                            "public_dns": "ec2-3-115-119-118.ap-northeast-1.compute.amazonaws.com",
                            "public_ip": "3.115.119.118",
                            "root_block_device.#": "1",
                            "root_block_device.0.delete_on_termination": "true",
                            "root_block_device.0.encrypted": "false",
                            "root_block_device.0.iops": "100",
                            "root_block_device.0.kms_key_id": "",
                            "root_block_device.0.volume_id": "vol-042567ae9e98602c9",
                            "root_block_device.0.volume_size": "8",
                            "root_block_device.0.volume_type": "gp2",
                            "security_groups.#": "0",
                            "source_dest_check": "true",
                            "subnet_id": "subnet-0b371aea723b5f4be",
                            "tags.%": "1",
                            "tags.Name": "bastion-1a",
                            "tenancy": "default",
                            "volume_tags.%": "0",
                            "vpc_security_group_ids.#": "2",
                            "vpc_security_group_ids.2536058460": "sg-0eac26808ca1d6e3d",
                            "vpc_security_group_ids.580826774": "sg-065ce772da35bb720"
                        },
                        "meta": {
                            "e2bfb730-ecaa-11e6-8f88-34363bc7c4c0": {
                                "create": 600000000000,
                                "delete": 1200000000000,
                                "update": 600000000000
                            },
                            "schema_version": "1"
                        },
                        "tainted": false
                    },
                    "deposed": [],
                    "provider": "provider.aws"
                },
                "aws_instance.bastion_1c": {
                    "type": "aws_instance",
                    "depends_on": [
                        "aws_default_security_group.dev_default",
                        "aws_security_group.bastion",
                        "aws_subnet.public_1c"
                    ],
                    "primary": {
                        "id": "i-0b42d21ba8c97ea55",
                        "attributes": {
                            "ami": "ami-00a5245b4816c38e6",
                            "arn": "arn:aws:ec2:ap-northeast-1:271153858532:instance/i-0b42d21ba8c97ea55",
                            "associate_public_ip_address": "true",
                            "availability_zone": "ap-northeast-1c",
                            "cpu_core_count": "1",
                            "cpu_threads_per_core": "1",
                            "credit_specification.#": "1",
                            "credit_specification.0.cpu_credits": "standard",
                            "disable_api_termination": "false",
                            "ebs_block_device.#": "0",
                            "ebs_optimized": "false",
                            "ephemeral_block_device.#": "0",
                            "get_password_data": "false",
                            "iam_instance_profile": "",
                            "id": "i-0b42d21ba8c97ea55",
                            "instance_state": "running",
                            "instance_type": "t2.micro",
                            "ipv6_address_count": "0",
                            "ipv6_addresses.#": "0",
                            "key_name": "user10",
                            "monitoring": "false",
                            "network_interface.#": "0",
                            "password_data": "",
                            "placement_group": "",
                            "primary_network_interface_id": "eni-0adba41adecd27560",
                            "private_dns": "ip-104-0-2-22.ap-northeast-1.compute.internal",
                            "private_ip": "104.0.2.22",
                            "public_dns": "ec2-54-178-180-15.ap-northeast-1.compute.amazonaws.com",
                            "public_ip": "54.178.180.15",
                            "root_block_device.#": "1",
                            "root_block_device.0.delete_on_termination": "true",
                            "root_block_device.0.encrypted": "false",
                            "root_block_device.0.iops": "100",
                            "root_block_device.0.kms_key_id": "",
                            "root_block_device.0.volume_id": "vol-05a1f755696390b5a",
                            "root_block_device.0.volume_size": "8",
                            "root_block_device.0.volume_type": "gp2",
                            "security_groups.#": "0",
                            "source_dest_check": "true",
                            "subnet_id": "subnet-04bcd812351a4ee0b",
                            "tags.%": "1",
                            "tags.Name": "bastion-1c",
                            "tenancy": "default",
                            "volume_tags.%": "0",
                            "vpc_security_group_ids.#": "2",
                            "vpc_security_group_ids.2536058460": "sg-0eac26808ca1d6e3d",
                            "vpc_security_group_ids.580826774": "sg-065ce772da35bb720"
                        },
                        "meta": {
                            "e2bfb730-ecaa-11e6-8f88-34363bc7c4c0": {
                                "create": 600000000000,
                                "delete": 1200000000000,
                                "update": 600000000000
                            },
                            "schema_version": "1"
                        },
                        "tainted": false
                    },
                    "deposed": [],
                    "provider": "provider.aws"
                },
                "aws_internet_gateway.dev": {
                    "type": "aws_internet_gateway",
                    "depends_on": [],
                    "primary": {
                        "id": "igw-0f968521e2e29cbfc",
                        "attributes": {
                            "id": "igw-0f968521e2e29cbfc",
                            "owner_id": "271153858532",
                            "tags.%": "1",
                            "tags.Name": "user10_dev",
                            "vpc_id": "vpc-06b39d33f177a947f"
                        },
                        "meta": {},
                        "tainted": false
                    },
                    "deposed": [],
                    "provider": "provider.aws"
                },
                "aws_nat_gateway.dev_1a": {
                    "type": "aws_nat_gateway",
                    "depends_on": [
                        "aws_eip.nat_dev_1a",
                        "aws_subnet.public_1a"
                    ],
                    "primary": {
                        "id": "nat-072aea96f383d7ce2",
                        "attributes": {
                            "allocation_id": "eipalloc-0defc495e2ab61b22",
                            "id": "nat-072aea96f383d7ce2",
                            "network_interface_id": "eni-058ae0b2cdd70d60b",
                            "private_ip": "104.0.1.73",
                            "public_ip": "13.112.224.208",
                            "subnet_id": "subnet-0b371aea723b5f4be",
                            "tags.%": "0"
                        },
                        "meta": {},
                        "tainted": false
                    },
                    "deposed": [],
                    "provider": "provider.aws"
                },
                "aws_nat_gateway.dev_1c": {
                    "type": "aws_nat_gateway",
                    "depends_on": [
                        "aws_eip.nat_dev_1c",
                        "aws_subnet.public_1c"
                    ],
                    "primary": {
                        "id": "nat-0795c7d3252c36a19",
                        "attributes": {
                            "allocation_id": "eipalloc-031a81390e41c691e",
                            "id": "nat-0795c7d3252c36a19",
                            "network_interface_id": "eni-0fac7c5787601c923",
                            "private_ip": "104.0.2.197",
                            "public_ip": "3.113.165.113",
                            "subnet_id": "subnet-04bcd812351a4ee0b",
                            "tags.%": "0"
                        },
                        "meta": {},
                        "tainted": false
                    },
                    "deposed": [],
                    "provider": "provider.aws"
                },
                "aws_route_table.dev_public": {
                    "type": "aws_route_table",
                    "depends_on": [
                        "aws_internet_gateway.dev",
                        "aws_vpc.dev"
                    ],
                    "primary": {
                        "id": "rtb-046e06a7147ad69bd",
                        "attributes": {
                            "id": "rtb-046e06a7147ad69bd",
                            "owner_id": "271153858532",
                            "propagating_vgws.#": "0",
                            "route.#": "0",
                            "tags.%": "1",
                            "tags.Name": "user10_dev-public",
                            "vpc_id": "vpc-046264952e0db04b3"
                        },
                        "meta": {},
                        "tainted": false
                    },
                    "deposed": [],
                    "provider": "provider.aws"
                },
                "aws_route_table_association.dev_public_1a": {
                    "type": "aws_route_table_association",
                    "depends_on": [],
                    "primary": {
                        "id": "rtbassoc-03bb1281910dddedd",
                        "attributes": {
                            "id": "rtbassoc-03bb1281910dddedd",
                            "route_table_id": "rtb-0334c87a6ca8ab225",
                            "subnet_id": "subnet-0b371aea723b5f4be"
                        },
                        "meta": {},
                        "tainted": false
                    },
                    "deposed": [],
                    "provider": "provider.aws"
                },
                "aws_route_table_association.dev_public_1c": {
                    "type": "aws_route_table_association",
                    "depends_on": [],
                    "primary": {
                        "id": "rtbassoc-00acdc0b79f11e105",
                        "attributes": {
                            "id": "rtbassoc-00acdc0b79f11e105",
                            "route_table_id": "rtb-0334c87a6ca8ab225",
                            "subnet_id": "subnet-04bcd812351a4ee0b"
                        },
                        "meta": {},
                        "tainted": false
                    },
                    "deposed": [],
                    "provider": "provider.aws"
                },
                "aws_security_group.bastion": {
                    "type": "aws_security_group",
                    "depends_on": [],
                    "primary": {
                        "id": "sg-0eac26808ca1d6e3d",
                        "attributes": {
                            "arn": "arn:aws:ec2:ap-northeast-1:271153858532:security-group/sg-0eac26808ca1d6e3d",
                            "description": "open ssh port for bastion",
                            "egress.#": "1",
                            "egress.482069346.cidr_blocks.#": "1",
                            "egress.482069346.cidr_blocks.0": "0.0.0.0/0",
                            "egress.482069346.description": "",
                            "egress.482069346.from_port": "0",
                            "egress.482069346.ipv6_cidr_blocks.#": "0",
                            "egress.482069346.prefix_list_ids.#": "0",
                            "egress.482069346.protocol": "-1",
                            "egress.482069346.security_groups.#": "0",
                            "egress.482069346.self": "false",
                            "egress.482069346.to_port": "0",
                            "id": "sg-0eac26808ca1d6e3d",
                            "ingress.#": "1",
                            "ingress.2541437006.cidr_blocks.#": "1",
                            "ingress.2541437006.cidr_blocks.0": "0.0.0.0/0",
                            "ingress.2541437006.description": "",
                            "ingress.2541437006.from_port": "22",
                            "ingress.2541437006.ipv6_cidr_blocks.#": "0",
                            "ingress.2541437006.prefix_list_ids.#": "0",
                            "ingress.2541437006.protocol": "tcp",
                            "ingress.2541437006.security_groups.#": "0",
                            "ingress.2541437006.self": "false",
                            "ingress.2541437006.to_port": "22",
                            "name": "bastion",
                            "owner_id": "271153858532",
                            "revoke_rules_on_delete": "false",
                            "tags.%": "1",
                            "tags.Name": "user10_bastion",
                            "vpc_id": "vpc-06b39d33f177a947f"
                        },
                        "meta": {
                            "e2bfb730-ecaa-11e6-8f88-34363bc7c4c0": {
                                "create": 600000000000,
                                "delete": 600000000000
                            },
                            "schema_version": "1"
                        },
                        "tainted": false
                    },
                    "deposed": [],
                    "provider": "provider.aws"
                },
                "aws_subnet.public_1a": {
                    "type": "aws_subnet",
                    "depends_on": [],
                    "primary": {
                        "id": "subnet-0b371aea723b5f4be",
                        "attributes": {
                            "arn": "arn:aws:ec2:ap-northeast-1:271153858532:subnet/subnet-0b371aea723b5f4be",
                            "assign_ipv6_address_on_creation": "false",
                            "availability_zone": "ap-northeast-1a",
                            "availability_zone_id": "apne1-az4",
                            "cidr_block": "104.0.1.0/24",
                            "id": "subnet-0b371aea723b5f4be",
                            "ipv6_cidr_block": "",
                            "ipv6_cidr_block_association_id": "",
                            "map_public_ip_on_launch": "false",
                            "owner_id": "271153858532",
                            "tags.%": "1",
                            "tags.Name": "user10_public-1a",
                            "vpc_id": "vpc-06b39d33f177a947f"
                        },
                        "meta": {
                            "e2bfb730-ecaa-11e6-8f88-34363bc7c4c0": {
                                "create": 600000000000,
                                "delete": 1200000000000
                            },
                            "schema_version": "1"
                        },
                        "tainted": false
                    },
                    "deposed": [],
                    "provider": "provider.aws"
                },
                "aws_subnet.public_1c": {
                    "type": "aws_subnet",
                    "depends_on": [],
                    "primary": {
                        "id": "subnet-04bcd812351a4ee0b",
                        "attributes": {
                            "arn": "arn:aws:ec2:ap-northeast-1:271153858532:subnet/subnet-04bcd812351a4ee0b",
                            "assign_ipv6_address_on_creation": "false",
                            "availability_zone": "ap-northeast-1c",
                            "availability_zone_id": "apne1-az1",
                            "cidr_block": "104.0.2.0/24",
                            "id": "subnet-04bcd812351a4ee0b",
                            "ipv6_cidr_block": "",
                            "ipv6_cidr_block_association_id": "",
                            "map_public_ip_on_launch": "false",
                            "owner_id": "271153858532",
                            "tags.%": "1",
                            "tags.Name": "user10_public-1c",
                            "vpc_id": "vpc-06b39d33f177a947f"
                        },
                        "meta": {
                            "e2bfb730-ecaa-11e6-8f88-34363bc7c4c0": {
                                "create": 600000000000,
                                "delete": 1200000000000
                            },
                            "schema_version": "1"
                        },
                        "tainted": false
                    },
                    "deposed": [],
                    "provider": "provider.aws"
                },
                "aws_vpc.dev": {
                    "type": "aws_vpc",
                    "depends_on": [],
                    "primary": {
                        "id": "vpc-046264952e0db04b3",
                        "attributes": {
                            "arn": "arn:aws:ec2:ap-northeast-1:271153858532:vpc/vpc-046264952e0db04b3",
                            "assign_generated_ipv6_cidr_block": "false",
                            "cidr_block": "104.0.0.0/16",
                            "default_network_acl_id": "acl-04fc5f5e504d6edf7",
                            "default_route_table_id": "rtb-0c9df0cebd4197725",
                            "default_security_group_id": "sg-01128cd80af8e5b36",
                            "dhcp_options_id": "dopt-0127ec691853326bd",
                            "enable_classiclink": "false",
                            "enable_classiclink_dns_support": "false",
                            "enable_dns_hostnames": "true",
                            "enable_dns_support": "true",
                            "id": "vpc-046264952e0db04b3",
                            "instance_tenancy": "default",
                            "ipv6_association_id": "",
                            "ipv6_cidr_block": "",
                            "main_route_table_id": "rtb-0c9df0cebd4197725",
                            "owner_id": "271153858532",
                            "tags.%": "1",
                            "tags.Name": "user10_dev"
                        },
                        "meta": {
                            "schema_version": "1"
                        },
                        "tainted": false
                    },
                    "deposed": [],
                    "provider": "provider.aws"
                }
            },
            "depends_on": []
        }
    ]
}
